<?xml version="1.0" encoding="utf-8"?>
<Project ToolsVersion="4.0" xmlns="http://schemas.microsoft.com/developer/msbuild/2003">
  <ItemGroup>
    <Filter Include="Source Files">
      <UniqueIdentifier>{4FC737F1-C7A5-4376-A066-2A32D752A2FF}</UniqueIdentifier>
      <Extensions>cpp;c;cc;cxx;def;odl;idl;hpj;bat;asm;asmx</Extensions>
    </Filter>
    <Filter Include="Header Files">
      <UniqueIdentifier>{93995380-89BD-4b04-88EB-625FBE52EBFB}</UniqueIdentifier>
      <Extensions>h;hh;hpp;hxx;hm;inl;inc;xsd</Extensions>
    </Filter>
    <Filter Include="Resource Files">
      <UniqueIdentifier>{67DA6AB6-F800-4c08-8B7A-83BB121AAD01}</UniqueIdentifier>
      <Extensions>rc;ico;cur;bmp;dlg;rc2;rct;bin;rgs;gif;jpg;jpeg;jpe;resx;tiff;tif;png;wav;mfcribbon-ms</Extensions>
    </Filter>
    <Filter Include="Header Files\RenderSystem">
      <UniqueIdentifier>{3310c9d3-aa28-45b5-b2dc-5a76fb9ad829}</UniqueIdentifier>
    </Filter>
    <Filter Include="Source Files\RenderSystem">
      <UniqueIdentifier>{26601ae9-5662-4d3f-80a0-493d638339a2}</UniqueIdentifier>
    </Filter>
    <Filter Include="Header Files\Gui">
      <UniqueIdentifier>{4fec24e0-b0b1-4fc8-a7d5-1f1ef07d79a0}</UniqueIdentifier>
    </Filter>
    <Filter Include="Source Files\Gui">
      <UniqueIdentifier>{1bed8a60-018e-4d23-b7ea-443a798f1955}</UniqueIdentifier>
    </Filter>
  </ItemGroup>
  <ItemGroup>
    <ClCompile Include="src\main.cpp">
      <Filter>Source Files</Filter>
    </ClCompile>
    <ClCompile Include="src\Application.cpp">
      <Filter>Source Files</Filter>
    </ClCompile>
    <ClCompile Include="src\Codec.cpp">
      <Filter>Source Files\RenderSystem</Filter>
    </ClCompile>
    <ClCompile Include="src\Font.cpp">
      <Filter>Source Files\RenderSystem</Filter>
    </ClCompile>
    <ClCompile Include="src\gl_core_3_3.cpp">
      <Filter>Source Files\RenderSystem</Filter>
    </ClCompile>
    <ClCompile Include="src\Image.cpp">
      <Filter>Source Files\RenderSystem</Filter>
    </ClCompile>
    <ClCompile Include="src\ImageAtlas.cpp">
      <Filter>Source Files\RenderSystem</Filter>
    </ClCompile>
    <ClCompile Include="src\PngCodec.cpp">
      <Filter>Source Files\RenderSystem</Filter>
    </ClCompile>
    <ClCompile Include="src\Renderer.cpp">
      <Filter>Source Files\RenderSystem</Filter>
    </ClCompile>
    <ClCompile Include="src\Resource.cpp">
      <Filter>Source Files\RenderSystem</Filter>
    </ClCompile>
    <ClCompile Include="src\Shader.cpp">
      <Filter>Source Files\RenderSystem</Filter>
    </ClCompile>
    <ClCompile Include="src\Texture.cpp">
      <Filter>Source Files\RenderSystem</Filter>
    </ClCompile>
    <ClCompile Include="src\VertexLayout.cpp">
      <Filter>Source Files\RenderSystem</Filter>
    </ClCompile>
    <ClCompile Include="src\GpuResource.cpp">
      <Filter>Source Files\RenderSystem</Filter>
    </ClCompile>
    <ClCompile Include="src\Text.cpp">
      <Filter>Source Files\RenderSystem</Filter>
    </ClCompile>
    <ClCompile Include="src\Board.cpp">
      <Filter>Source Files</Filter>
    </ClCompile>
    <ClCompile Include="src\Sprite.cpp">
      <Filter>Source Files\RenderSystem</Filter>
    </ClCompile>
    <ClCompile Include="src\VertexBuffer.cpp">
      <Filter>Source Files\RenderSystem</Filter>
    </ClCompile>
    <ClCompile Include="src\VertexArray.cpp">
      <Filter>Source Files\RenderSystem</Filter>
    </ClCompile>
    <ClCompile Include="src\GpuBuffer.cpp">
      <Filter>Source Files\RenderSystem</Filter>
    </ClCompile>
    <ClCompile Include="src\GameObject.cpp">
      <Filter>Source Files</Filter>
    </ClCompile>
    <ClCompile Include="src\Hare.cpp">
      <Filter>Source Files</Filter>
    </ClCompile>
    <ClCompile Include="src\WolfMale.cpp">
      <Filter>Source Files</Filter>
    </ClCompile>
    <ClCompile Include="src\WolfFemale.cpp">
      <Filter>Source Files</Filter>
    </ClCompile>
    <ClCompile Include="src\SpriteSheet.cpp">
      <Filter>Source Files\RenderSystem</Filter>
    </ClCompile>
    <ClCompile Include="src\FlipbookAnimation.cpp">
      <Filter>Source Files\RenderSystem</Filter>
    </ClCompile>
    <ClCompile Include="src\Boulder.cpp">
      <Filter>Source Files</Filter>
    </ClCompile>
    <ClCompile Include="src\Bush.cpp">
      <Filter>Source Files</Filter>
    </ClCompile>
    <ClCompile Include="src\GuiObject.cpp">
      <Filter>Source Files\Gui</Filter>
    </ClCompile>
    <ClCompile Include="src\InformationPanel.cpp">
      <Filter>Source Files\Gui</Filter>
    </ClCompile>
    <ClCompile Include="src\MenuPanel.cpp">
      <Filter>Source Files\Gui</Filter>
    </ClCompile>
    <ClCompile Include="src\Slider.cpp">
      <Filter>Source Files\Gui</Filter>
    </ClCompile>
    <ClCompile Include="src\Button.cpp">
      <Filter>Source Files\Gui</Filter>
    </ClCompile>
  </ItemGroup>
  <ItemGroup>
    <ClInclude Include="src\Application.hpp">
      <Filter>Header Files</Filter>
    </ClInclude>
    <ClInclude Include="src\Prerequisites.hpp">
      <Filter>Header Files</Filter>
    </ClInclude>
    <ClInclude Include="src\Codec.hpp">
      <Filter>Header Files\RenderSystem</Filter>
    </ClInclude>
    <ClInclude Include="src\Font.hpp">
      <Filter>Header Files\RenderSystem</Filter>
    </ClInclude>
    <ClInclude Include="src\gl_core_3_3.hpp">
      <Filter>Header Files\RenderSystem</Filter>
    </ClInclude>
    <ClInclude Include="src\Image.hpp">
      <Filter>Header Files\RenderSystem</Filter>
    </ClInclude>
    <ClInclude Include="src\ImageAtlas.hpp">
      <Filter>Header Files\RenderSystem</Filter>
    </ClInclude>
    <ClInclude Include="src\PngCodec.hpp">
      <Filter>Header Files\RenderSystem</Filter>
    </ClInclude>
    <ClInclude Include="src\Renderer.hpp">
      <Filter>Header Files\RenderSystem</Filter>
    </ClInclude>
    <ClInclude Include="src\Resource.hpp">
      <Filter>Header Files\RenderSystem</Filter>
    </ClInclude>
    <ClInclude Include="src\Shader.hpp">
      <Filter>Header Files\RenderSystem</Filter>
    </ClInclude>
    <ClInclude Include="src\Texture.hpp">
      <Filter>Header Files\RenderSystem</Filter>
    </ClInclude>
    <ClInclude Include="src\VertexLayout.hpp">
      <Filter>Header Files\RenderSystem</Filter>
    </ClInclude>
    <ClInclude Include="src\GpuResource.hpp">
      <Filter>Header Files\RenderSystem</Filter>
    </ClInclude>
    <ClInclude Include="src\Text.hpp">
      <Filter>Header Files\RenderSystem</Filter>
    </ClInclude>
    <ClInclude Include="src\Sprite.hpp">
      <Filter>Header Files\RenderSystem</Filter>
    </ClInclude>
    <ClInclude Include="src\Board.hpp">
      <Filter>Header Files</Filter>
    </ClInclude>
    <ClInclude Include="src\GpuBuffer.hpp">
      <Filter>Header Files\RenderSystem</Filter>
    </ClInclude>
    <ClInclude Include="src\VertexArray.hpp">
      <Filter>Header Files\RenderSystem</Filter>
    </ClInclude>
    <ClInclude Include="src\VertexBuffer.hpp">
      <Filter>Header Files\RenderSystem</Filter>
    </ClInclude>
    <ClInclude Include="src\GameObject.hpp">
      <Filter>Header Files</Filter>
    </ClInclude>
    <ClInclude Include="src\Hare.hpp">
      <Filter>Header Files</Filter>
    </ClInclude>
    <ClInclude Include="src\WolfMale.hpp">
      <Filter>Header Files</Filter>
    </ClInclude>
    <ClInclude Include="src\WolfFemale.hpp">
      <Filter>Header Files</Filter>
    </ClInclude>
    <ClInclude Include="src\SpriteSheet.hpp">
      <Filter>Header Files\RenderSystem</Filter>
    </ClInclude>
    <ClInclude Include="src\FlipbookAnimation.hpp">
      <Filter>Header Files\RenderSystem</Filter>
    </ClInclude>
    <ClInclude Include="src\Boulder.hpp">
      <Filter>Header Files</Filter>
    </ClInclude>
    <ClInclude Include="src\Bush.hpp">
      <Filter>Header Files</Filter>
    </ClInclude>
    <ClInclude Include="src\GuiObject.hpp">
      <Filter>Header Files\Gui</Filter>
    </ClInclude>
    <ClInclude Include="src\InformationPanel.hpp">
      <Filter>Header Files\Gui</Filter>
    </ClInclude>
    <ClInclude Include="src\MenuPanel.hpp">
      <Filter>Header Files\Gui</Filter>
    </ClInclude>
    <ClInclude Include="src\Slider.hpp">
      <Filter>Header Files\Gui</Filter>
    </ClInclude>
    <ClInclude Include="src\Button.hpp">
      <Filter>Header Files\Gui</Filter>
    </ClInclude>
  </ItemGroup>
</Project>